
Microsoft Visual Studio Solution File, Format Version 12.00
# Visual Studio Version 17
VisualStudioVersion = 17.13.35825.156 d17.13
MinimumVisualStudioVersion = 10.0.40219.1
Project("{FAE04EC0-301F-11D3-BF4B-00C04F79EFBC}") = "clp-front-end", "clp-front-end\clp-front-end.csproj", "{6F5551E7-9F7B-43B1-BB38-41BAF0C2B832}"
EndProject
Global
	GlobalSection(SolutionConfigurationPlatforms) = preSolution
		Debug|Any CPU = Debug|Any CPU
		Release|Any CPU = Release|Any CPU
	EndGlobalSection
	GlobalSection(ProjectConfigurationPlatforms) = postSolution
		{6F5551E7-9F7B-43B1-BB38-41BAF0C2B832}.Debug|Any CPU.ActiveCfg = Debug|Any CPU
		{6F5551E7-9F7B-43B1-BB38-41BAF0C2B832}.Debug|Any CPU.Build.0 = Debug|Any CPU
		{6F5551E7-9F7B-43B1-BB38-41BAF0C2B832}.Release|Any CPU.ActiveCfg = Release|Any CPU
		{6F5551E7-9F7B-43B1-BB38-41BAF0C2B832}.Release|Any CPU.Build.0 = Release|Any CPU
	EndGlobalSection
	GlobalSection(SolutionProperties) = preSolution
		HideSolutionNode = FALSE
	EndGlobalSection
	GlobalSection(ExtensibilityGlobals) = postSolution
		SolutionGuid = {D3FCDEB1-C2ED-4420-B40E-968CF410B1B5}
	EndGlobalSection
EndGlobal
